
Microsoft Visual Studio Solution File, Format Version 12.00
# Visual Studio Version 17
VisualStudioVersion = 17.9.34728.123
MinimumVisualStudioVersion = 10.0.40219.1
Project("{FAE04EC0-301F-11D3-BF4B-00C04F79EFBC}") = "MethodsDemoCSharp-47", "MethodsDemoCSharp-47\MethodsDemoCSharp-47.csproj", "{FD9B5CDA-13E8-4F5E-9E09-E73CCF769E64}"
EndProject
Global
	GlobalSection(SolutionConfigurationPlatforms) = preSolution
		Debug|Any CPU = Debug|Any CPU
		Release|Any CPU = Release|Any CPU
	EndGlobalSection
	GlobalSection(ProjectConfigurationPlatforms) = postSolution
		{FD9B5CDA-13E8-4F5E-9E09-E73CCF769E64}.Debug|Any CPU.ActiveCfg = Debug|Any CPU
		{FD9B5CDA-13E8-4F5E-9E09-E73CCF769E64}.Debug|Any CPU.Build.0 = Debug|Any CPU
		{FD9B5CDA-13E8-4F5E-9E09-E73CCF769E64}.Release|Any CPU.ActiveCfg = Release|Any CPU
		{FD9B5CDA-13E8-4F5E-9E09-E73CCF769E64}.Release|Any CPU.Build.0 = Release|Any CPU
	EndGlobalSection
	GlobalSection(SolutionProperties) = preSolution
		HideSolutionNode = FALSE
	EndGlobalSection
	GlobalSection(ExtensibilityGlobals) = postSolution
		SolutionGuid = {6E22FEBA-00C5-44E7-A5B3-88ED44E32775}
	EndGlobalSection
EndGlobal
